
Microsoft Visual Studio Solution File, Format Version 12.00
# Visual Studio Version 17
VisualStudioVersion = 17.5.33530.505
MinimumVisualStudioVersion = 10.0.40219.1
Project("{9A19103F-16F7-4668-BE54-9A1E7A4F7556}") = "myFirstApiYaelFrank", "myFirstApiYaelFrank\myFirstApiYaelFrank.csproj", "{0829EA12-D468-4304-827C-BC7137D93D73}"
EndProject
Project("{FAE04EC0-301F-11D3-BF4B-00C04F79EFBC}") = "TestProjectEvent", "TestProjectEvent\TestProjectEvent.csproj", "{B23CC63B-A13F-44E9-B1B1-E333C20370EE}"
EndProject
Global
	GlobalSection(SolutionConfigurationPlatforms) = preSolution
		Debug|Any CPU = Debug|Any CPU
		Debug|x64 = Debug|x64
		Debug|x86 = Debug|x86
		Release|Any CPU = Release|Any CPU
		Release|x64 = Release|x64
		Release|x86 = Release|x86
	EndGlobalSection
	GlobalSection(ProjectConfigurationPlatforms) = postSolution
		{0829EA12-D468-4304-827C-BC7137D93D73}.Debug|Any CPU.ActiveCfg = Debug|Any CPU
		{0829EA12-D468-4304-827C-BC7137D93D73}.Debug|Any CPU.Build.0 = Debug|Any CPU
		{0829EA12-D468-4304-827C-BC7137D93D73}.Debug|x64.ActiveCfg = Debug|Any CPU
		{0829EA12-D468-4304-827C-BC7137D93D73}.Debug|x64.Build.0 = Debug|Any CPU
		{0829EA12-D468-4304-827C-BC7137D93D73}.Debug|x86.ActiveCfg = Debug|Any CPU
		{0829EA12-D468-4304-827C-BC7137D93D73}.Debug|x86.Build.0 = Debug|Any CPU
		{0829EA12-D468-4304-827C-BC7137D93D73}.Release|Any CPU.ActiveCfg = Release|Any CPU
		{0829EA12-D468-4304-827C-BC7137D93D73}.Release|Any CPU.Build.0 = Release|Any CPU
		{0829EA12-D468-4304-827C-BC7137D93D73}.Release|x64.ActiveCfg = Release|Any CPU
		{0829EA12-D468-4304-827C-BC7137D93D73}.Release|x64.Build.0 = Release|Any CPU
		{0829EA12-D468-4304-827C-BC7137D93D73}.Release|x86.ActiveCfg = Release|Any CPU
		{0829EA12-D468-4304-827C-BC7137D93D73}.Release|x86.Build.0 = Release|Any CPU
		{B23CC63B-A13F-44E9-B1B1-E333C20370EE}.Debug|Any CPU.ActiveCfg = Debug|Any CPU
		{B23CC63B-A13F-44E9-B1B1-E333C20370EE}.Debug|Any CPU.Build.0 = Debug|Any CPU
		{B23CC63B-A13F-44E9-B1B1-E333C20370EE}.Debug|x64.ActiveCfg = Debug|Any CPU
		{B23CC63B-A13F-44E9-B1B1-E333C20370EE}.Debug|x64.Build.0 = Debug|Any CPU
		{B23CC63B-A13F-44E9-B1B1-E333C20370EE}.Debug|x86.ActiveCfg = Debug|Any CPU
		{B23CC63B-A13F-44E9-B1B1-E333C20370EE}.Debug|x86.Build.0 = Debug|Any CPU
		{B23CC63B-A13F-44E9-B1B1-E333C20370EE}.Release|Any CPU.ActiveCfg = Release|Any CPU
		{B23CC63B-A13F-44E9-B1B1-E333C20370EE}.Release|Any CPU.Build.0 = Release|Any CPU
		{B23CC63B-A13F-44E9-B1B1-E333C20370EE}.Release|x64.ActiveCfg = Release|Any CPU
		{B23CC63B-A13F-44E9-B1B1-E333C20370EE}.Release|x64.Build.0 = Release|Any CPU
		{B23CC63B-A13F-44E9-B1B1-E333C20370EE}.Release|x86.ActiveCfg = Release|Any CPU
		{B23CC63B-A13F-44E9-B1B1-E333C20370EE}.Release|x86.Build.0 = Release|Any CPU
	EndGlobalSection
	GlobalSection(SolutionProperties) = preSolution
		HideSolutionNode = FALSE
	EndGlobalSection
	GlobalSection(ExtensibilityGlobals) = postSolution
		SolutionGuid = {7A73E031-3B39-4EB6-8F1D-B201C77F0B0E}
	EndGlobalSection
EndGlobal
